
Microsoft Visual Studio Solution File, Format Version 12.00
# Visual Studio 2013
Project("{2150E333-8FDC-42A3-9474-1A3956D46DE8}") = "Engine", "Engine", "{F6516F07-38BC-4760-850A-619A043B6475}"
EndProject
Project("{2150E333-8FDC-42A3-9474-1A3956D46DE8}") = "Games", "Games", "{F8C48DE5-9CED-423C-B7A8-1BF0EE782033}"
EndProject
Project("{8BC9CEB8-8B4A-11D0-8D11-00A0C91BC942}") = "WebSocket_Plugin", "Intermediate\ProjectFiles\WebSocket_Plugin.vcxproj", "{95626BEC-078F-4678-99E8-1B6CDF5C91DA}"
	ProjectSection(ProjectDependencies) = postProject
	EndProjectSection
EndProject
Project("{8BC9CEB8-8B4A-11D0-8D11-00A0C91BC942}") = "UE4", "Intermediate\ProjectFiles\UE4.vcxproj", "{F8175D82-2BFA-441B-AC86-B7FD74A33EB6}"
EndProject
Global
	GlobalSection(SolutionConfigurationPlatforms) = preSolution
		DebugGame Editor|Windows = DebugGame Editor|Windows
		DebugGame|Windows = DebugGame|Windows
		Development Editor|Windows = Development Editor|Windows
		Development|Windows = Development|Windows
		Shipping|Windows = Shipping|Windows
	EndGlobalSection
	GlobalSection(ProjectConfigurationPlatforms) = postSolution
		{95626BEC-078F-4678-99E8-1B6CDF5C91DA}.DebugGame Editor|Windows.ActiveCfg = DebugGame_Editor|x64
		{95626BEC-078F-4678-99E8-1B6CDF5C91DA}.DebugGame Editor|Windows.Build.0 = DebugGame_Editor|x64
		{95626BEC-078F-4678-99E8-1B6CDF5C91DA}.DebugGame|Windows.ActiveCfg = DebugGame_Game|x64
		{95626BEC-078F-4678-99E8-1B6CDF5C91DA}.DebugGame|Windows.Build.0 = DebugGame_Game|x64
		{95626BEC-078F-4678-99E8-1B6CDF5C91DA}.Development Editor|Windows.ActiveCfg = Development_Editor|x64
		{95626BEC-078F-4678-99E8-1B6CDF5C91DA}.Development Editor|Windows.Build.0 = Development_Editor|x64
		{95626BEC-078F-4678-99E8-1B6CDF5C91DA}.Development|Windows.ActiveCfg = Development_Game|x64
		{95626BEC-078F-4678-99E8-1B6CDF5C91DA}.Development|Windows.Build.0 = Development_Game|x64
		{95626BEC-078F-4678-99E8-1B6CDF5C91DA}.Shipping|Windows.ActiveCfg = Shipping_Game|Win32
		{95626BEC-078F-4678-99E8-1B6CDF5C91DA}.Shipping|Windows.Build.0 = Shipping_Game|Win32
	EndGlobalSection
	GlobalSection(SolutionProperties) = preSolution
		HideSolutionNode = FALSE
	EndGlobalSection
	GlobalSection(NestedProjects) = preSolution
		{F8175D82-2BFA-441B-AC86-B7FD74A33EB6} = {F6516F07-38BC-4760-850A-619A043B6475}
		{95626BEC-078F-4678-99E8-1B6CDF5C91DA} = {F8C48DE5-9CED-423C-B7A8-1BF0EE782033}
	EndGlobalSection
EndGlobal
