
Microsoft Visual Studio Solution File, Format Version 12.00
# Visual Studio 2013
VisualStudioVersion = 12.0.31101.0
MinimumVisualStudioVersion = 10.0.40219.1
Project("{2150E333-8FDC-42A3-9474-1A3956D46DE8}") = "Engine", "Engine", "{45092B05-2201-4CD9-9C8F-DB45391FCA24}"
EndProject
Project("{2150E333-8FDC-42A3-9474-1A3956D46DE8}") = "Games", "Games", "{10B4879D-13E0-4B94-97E1-57DDF3647A82}"
EndProject
Project("{8BC9CEB8-8B4A-11D0-8D11-00A0C91BC942}") = "WebSocket_Plugin", "Intermediate\ProjectFiles\WebSocket_Plugin.vcxproj", "{95626BEC-078F-4678-99E8-1B6CDF5C91DA}"
EndProject
Project("{8BC9CEB8-8B4A-11D0-8D11-00A0C91BC942}") = "UE4", "Intermediate\ProjectFiles\UE4.vcxproj", "{F8175D82-2BFA-441B-AC86-B7FD74A33EB6}"
EndProject
Global
	GlobalSection(SolutionConfigurationPlatforms) = preSolution
		DebugGame Editor|Win32 = DebugGame Editor|Win32
		DebugGame Editor|Win64 = DebugGame Editor|Win64
		DebugGame|Win32 = DebugGame|Win32
		DebugGame|Win64 = DebugGame|Win64
		Development Editor|Win32 = Development Editor|Win32
		Development Editor|Win64 = Development Editor|Win64
		Development|Win32 = Development|Win32
		Development|Win64 = Development|Win64
		Shipping|Win32 = Shipping|Win32
		Shipping|Win64 = Shipping|Win64
	EndGlobalSection
	GlobalSection(ProjectConfigurationPlatforms) = postSolution
		{95626BEC-078F-4678-99E8-1B6CDF5C91DA}.DebugGame Editor|Win32.ActiveCfg = DebugGame_Editor|Win32
		{95626BEC-078F-4678-99E8-1B6CDF5C91DA}.DebugGame Editor|Win32.Build.0 = DebugGame_Editor|Win32
		{95626BEC-078F-4678-99E8-1B6CDF5C91DA}.DebugGame Editor|Win64.ActiveCfg = DebugGame_Editor|x64
		{95626BEC-078F-4678-99E8-1B6CDF5C91DA}.DebugGame Editor|Win64.Build.0 = DebugGame_Editor|x64
		{95626BEC-078F-4678-99E8-1B6CDF5C91DA}.DebugGame|Win32.ActiveCfg = DebugGame_Game|Win32
		{95626BEC-078F-4678-99E8-1B6CDF5C91DA}.DebugGame|Win32.Build.0 = DebugGame_Game|Win32
		{95626BEC-078F-4678-99E8-1B6CDF5C91DA}.DebugGame|Win64.ActiveCfg = DebugGame_Game|x64
		{95626BEC-078F-4678-99E8-1B6CDF5C91DA}.DebugGame|Win64.Build.0 = DebugGame_Game|x64
		{95626BEC-078F-4678-99E8-1B6CDF5C91DA}.Development Editor|Win32.ActiveCfg = Development_Editor|Win32
		{95626BEC-078F-4678-99E8-1B6CDF5C91DA}.Development Editor|Win32.Build.0 = Development_Editor|Win32
		{95626BEC-078F-4678-99E8-1B6CDF5C91DA}.Development Editor|Win64.ActiveCfg = Development_Editor|x64
		{95626BEC-078F-4678-99E8-1B6CDF5C91DA}.Development Editor|Win64.Build.0 = Development_Editor|x64
		{95626BEC-078F-4678-99E8-1B6CDF5C91DA}.Development|Win32.ActiveCfg = Development_Game|Win32
		{95626BEC-078F-4678-99E8-1B6CDF5C91DA}.Development|Win32.Build.0 = Development_Game|Win32
		{95626BEC-078F-4678-99E8-1B6CDF5C91DA}.Development|Win64.ActiveCfg = Development_Game|x64
		{95626BEC-078F-4678-99E8-1B6CDF5C91DA}.Development|Win64.Build.0 = Development_Game|x64
		{95626BEC-078F-4678-99E8-1B6CDF5C91DA}.Shipping|Win32.ActiveCfg = Shipping_Game|Win32
		{95626BEC-078F-4678-99E8-1B6CDF5C91DA}.Shipping|Win32.Build.0 = Shipping_Game|Win32
		{95626BEC-078F-4678-99E8-1B6CDF5C91DA}.Shipping|Win64.ActiveCfg = Shipping_Game|x64
		{95626BEC-078F-4678-99E8-1B6CDF5C91DA}.Shipping|Win64.Build.0 = Shipping_Game|x64
		{F8175D82-2BFA-441B-AC86-B7FD74A33EB6}.DebugGame Editor|Win32.ActiveCfg = BuiltWithUnrealBuildTool|Win32
		{F8175D82-2BFA-441B-AC86-B7FD74A33EB6}.DebugGame Editor|Win32.Build.0 = BuiltWithUnrealBuildTool|Win32
		{F8175D82-2BFA-441B-AC86-B7FD74A33EB6}.DebugGame Editor|Win64.ActiveCfg = BuiltWithUnrealBuildTool|Win32
		{F8175D82-2BFA-441B-AC86-B7FD74A33EB6}.DebugGame|Win32.ActiveCfg = BuiltWithUnrealBuildTool|Win32
		{F8175D82-2BFA-441B-AC86-B7FD74A33EB6}.DebugGame|Win32.Build.0 = BuiltWithUnrealBuildTool|Win32
		{F8175D82-2BFA-441B-AC86-B7FD74A33EB6}.DebugGame|Win64.ActiveCfg = BuiltWithUnrealBuildTool|Win32
		{F8175D82-2BFA-441B-AC86-B7FD74A33EB6}.Development Editor|Win32.ActiveCfg = BuiltWithUnrealBuildTool|Win32
		{F8175D82-2BFA-441B-AC86-B7FD74A33EB6}.Development Editor|Win32.Build.0 = BuiltWithUnrealBuildTool|Win32
		{F8175D82-2BFA-441B-AC86-B7FD74A33EB6}.Development Editor|Win64.ActiveCfg = BuiltWithUnrealBuildTool|Win32
		{F8175D82-2BFA-441B-AC86-B7FD74A33EB6}.Development|Win32.ActiveCfg = BuiltWithUnrealBuildTool|Win32
		{F8175D82-2BFA-441B-AC86-B7FD74A33EB6}.Development|Win32.Build.0 = BuiltWithUnrealBuildTool|Win32
		{F8175D82-2BFA-441B-AC86-B7FD74A33EB6}.Development|Win64.ActiveCfg = BuiltWithUnrealBuildTool|Win32
		{F8175D82-2BFA-441B-AC86-B7FD74A33EB6}.Shipping|Win32.ActiveCfg = BuiltWithUnrealBuildTool|Win32
		{F8175D82-2BFA-441B-AC86-B7FD74A33EB6}.Shipping|Win32.Build.0 = BuiltWithUnrealBuildTool|Win32
		{F8175D82-2BFA-441B-AC86-B7FD74A33EB6}.Shipping|Win64.ActiveCfg = BuiltWithUnrealBuildTool|Win32
	EndGlobalSection
	GlobalSection(SolutionProperties) = preSolution
		HideSolutionNode = FALSE
	EndGlobalSection
	GlobalSection(NestedProjects) = preSolution
		{95626BEC-078F-4678-99E8-1B6CDF5C91DA} = {10B4879D-13E0-4B94-97E1-57DDF3647A82}
		{F8175D82-2BFA-441B-AC86-B7FD74A33EB6} = {45092B05-2201-4CD9-9C8F-DB45391FCA24}
	EndGlobalSection
EndGlobal
