
Microsoft Visual Studio Solution File, Format Version 12.00
# Visual Studio 2013
VisualStudioVersion = 12.0.31101.0
MinimumVisualStudioVersion = 10.0.40219.1
Project("{2150E333-8FDC-42A3-9474-1A3956D46DE8}") = "Engine", "Engine", "{6C713068-6438-40FE-88F2-944D4CE06196}"
EndProject
Project("{2150E333-8FDC-42A3-9474-1A3956D46DE8}") = "Games", "Games", "{F39D6951-9209-441E-84E4-B4746260A0D4}"
EndProject
Project("{8BC9CEB8-8B4A-11D0-8D11-00A0C91BC942}") = "WebSocket_Plugin", "Intermediate\ProjectFiles\WebSocket_Plugin.vcxproj", "{304ABABF-5B2D-4925-8634-C9C2BDBCF926}"
EndProject
Project("{8BC9CEB8-8B4A-11D0-8D11-00A0C91BC942}") = "UE4", "Intermediate\ProjectFiles\UE4.vcxproj", "{C437F9F6-9206-4AFA-A0A3-7C70884CD6EC}"
EndProject
Global
	GlobalSection(SolutionConfigurationPlatforms) = preSolution
		DebugGame Editor|Android = DebugGame Editor|Android
		DebugGame Editor|Windows = DebugGame Editor|Windows
		DebugGame|Android = DebugGame|Android
		DebugGame|Windows = DebugGame|Windows
		Development Editor|Android = Development Editor|Android
		Development Editor|Windows = Development Editor|Windows
		Development|Android = Development|Android
		Development|Windows = Development|Windows
		Shipping|Android = Shipping|Android
		Shipping|Windows = Shipping|Windows
	EndGlobalSection
	GlobalSection(ProjectConfigurationPlatforms) = postSolution
		{304ABABF-5B2D-4925-8634-C9C2BDBCF926}.DebugGame Editor|Android.ActiveCfg = Development_Game|x64
		{304ABABF-5B2D-4925-8634-C9C2BDBCF926}.DebugGame Editor|Windows.ActiveCfg = DebugGame_Editor|x64
		{304ABABF-5B2D-4925-8634-C9C2BDBCF926}.DebugGame Editor|Windows.Build.0 = DebugGame_Editor|x64
		{304ABABF-5B2D-4925-8634-C9C2BDBCF926}.DebugGame|Android.ActiveCfg = DebugGame_Game|Tegra-Android
		{304ABABF-5B2D-4925-8634-C9C2BDBCF926}.DebugGame|Android.Build.0 = DebugGame_Game|Tegra-Android
		{304ABABF-5B2D-4925-8634-C9C2BDBCF926}.DebugGame|Windows.ActiveCfg = DebugGame_Game|x64
		{304ABABF-5B2D-4925-8634-C9C2BDBCF926}.DebugGame|Windows.Build.0 = DebugGame_Game|x64
		{304ABABF-5B2D-4925-8634-C9C2BDBCF926}.Development Editor|Android.ActiveCfg = Development_Game|x64
		{304ABABF-5B2D-4925-8634-C9C2BDBCF926}.Development Editor|Windows.ActiveCfg = Development_Editor|x64
		{304ABABF-5B2D-4925-8634-C9C2BDBCF926}.Development Editor|Windows.Build.0 = Development_Editor|x64
		{304ABABF-5B2D-4925-8634-C9C2BDBCF926}.Development|Android.ActiveCfg = Development_Game|Tegra-Android
		{304ABABF-5B2D-4925-8634-C9C2BDBCF926}.Development|Android.Build.0 = Development_Game|Tegra-Android
		{304ABABF-5B2D-4925-8634-C9C2BDBCF926}.Development|Windows.ActiveCfg = Development_Game|x64
		{304ABABF-5B2D-4925-8634-C9C2BDBCF926}.Development|Windows.Build.0 = Development_Game|x64
		{304ABABF-5B2D-4925-8634-C9C2BDBCF926}.Shipping|Android.ActiveCfg = Shipping_Game|Tegra-Android
		{304ABABF-5B2D-4925-8634-C9C2BDBCF926}.Shipping|Android.Build.0 = Shipping_Game|Tegra-Android
		{304ABABF-5B2D-4925-8634-C9C2BDBCF926}.Shipping|Windows.ActiveCfg = Shipping_Game|Win32
		{304ABABF-5B2D-4925-8634-C9C2BDBCF926}.Shipping|Windows.Build.0 = Shipping_Game|Win32
		{C437F9F6-9206-4AFA-A0A3-7C70884CD6EC}.DebugGame Editor|Android.ActiveCfg = BuiltWithUnrealBuildTool|Win32
		{C437F9F6-9206-4AFA-A0A3-7C70884CD6EC}.DebugGame Editor|Windows.ActiveCfg = BuiltWithUnrealBuildTool|Win32
		{C437F9F6-9206-4AFA-A0A3-7C70884CD6EC}.DebugGame|Android.ActiveCfg = BuiltWithUnrealBuildTool|Win32
		{C437F9F6-9206-4AFA-A0A3-7C70884CD6EC}.DebugGame|Windows.ActiveCfg = BuiltWithUnrealBuildTool|Win32
		{C437F9F6-9206-4AFA-A0A3-7C70884CD6EC}.Development Editor|Android.ActiveCfg = BuiltWithUnrealBuildTool|Win32
		{C437F9F6-9206-4AFA-A0A3-7C70884CD6EC}.Development Editor|Windows.ActiveCfg = BuiltWithUnrealBuildTool|Win32
		{C437F9F6-9206-4AFA-A0A3-7C70884CD6EC}.Development|Android.ActiveCfg = BuiltWithUnrealBuildTool|Win32
		{C437F9F6-9206-4AFA-A0A3-7C70884CD6EC}.Development|Windows.ActiveCfg = BuiltWithUnrealBuildTool|Win32
		{C437F9F6-9206-4AFA-A0A3-7C70884CD6EC}.Shipping|Android.ActiveCfg = BuiltWithUnrealBuildTool|Win32
		{C437F9F6-9206-4AFA-A0A3-7C70884CD6EC}.Shipping|Windows.ActiveCfg = BuiltWithUnrealBuildTool|Win32
	EndGlobalSection
	GlobalSection(SolutionProperties) = preSolution
		HideSolutionNode = FALSE
	EndGlobalSection
	GlobalSection(NestedProjects) = preSolution
		{304ABABF-5B2D-4925-8634-C9C2BDBCF926} = {F39D6951-9209-441E-84E4-B4746260A0D4}
		{C437F9F6-9206-4AFA-A0A3-7C70884CD6EC} = {6C713068-6438-40FE-88F2-944D4CE06196}
	EndGlobalSection
EndGlobal
